
Microsoft Visual Studio Solution File, Format Version 12.00
# Visual Studio 2013
VisualStudioVersion = 12.0.30501.0
MinimumVisualStudioVersion = 10.0.40219.1
Project("{FAE04EC0-301F-11D3-BF4B-00C04F79EFBC}") = "Konami.Core", "Konami.Core\Konami.Core.csproj", "{A3F8FDC5-EC72-4037-88F2-E57870FFB154}"
EndProject
Project("{FAE04EC0-301F-11D3-BF4B-00C04F79EFBC}") = "Konami.Tests", "Konami.Tests\Konami.Tests.csproj", "{B5CB993C-17B3-4DD1-8F20-BEFE2DAF59D1}"
EndProject
Global
	GlobalSection(SolutionConfigurationPlatforms) = preSolution
		Debug|Any CPU = Debug|Any CPU
		Release|Any CPU = Release|Any CPU
	EndGlobalSection
	GlobalSection(ProjectConfigurationPlatforms) = postSolution
		{A3F8FDC5-EC72-4037-88F2-E57870FFB154}.Debug|Any CPU.ActiveCfg = Debug|Any CPU
		{A3F8FDC5-EC72-4037-88F2-E57870FFB154}.Debug|Any CPU.Build.0 = Debug|Any CPU
		{A3F8FDC5-EC72-4037-88F2-E57870FFB154}.Release|Any CPU.ActiveCfg = Release|Any CPU
		{A3F8FDC5-EC72-4037-88F2-E57870FFB154}.Release|Any CPU.Build.0 = Release|Any CPU
		{B5CB993C-17B3-4DD1-8F20-BEFE2DAF59D1}.Debug|Any CPU.ActiveCfg = Debug|Any CPU
		{B5CB993C-17B3-4DD1-8F20-BEFE2DAF59D1}.Debug|Any CPU.Build.0 = Debug|Any CPU
		{B5CB993C-17B3-4DD1-8F20-BEFE2DAF59D1}.Release|Any CPU.ActiveCfg = Release|Any CPU
		{B5CB993C-17B3-4DD1-8F20-BEFE2DAF59D1}.Release|Any CPU.Build.0 = Release|Any CPU
	EndGlobalSection
	GlobalSection(SolutionProperties) = preSolution
		HideSolutionNode = FALSE
	EndGlobalSection
EndGlobal
